# This is a Gradle generated file for dependency locking.
# Manual edits can break the build and are not advised.
# This file is expected to be part of source control.
# To regenerate this file, run: ./gradlew :migration:dependencies --write-locks
androidx.annotation:annotation-jvm:1.9.1=_agp_internal_debug_kspClasspath,_agp_internal_release_kspClasspath,debugCompileClasspath,kspDebugKotlinProcessorClasspath,kspReleaseKotlinProcessorClasspath,releaseCompileClasspath
androidx.annotation:annotation:1.9.1=_agp_internal_debug_kspClasspath,_agp_internal_release_kspClasspath,debugCompileClasspath,kspDebugKotlinProcessorClasspath,kspReleaseKotlinProcessorClasspath,releaseCompileClasspath
androidx.collection:collection-jvm:1.5.0=debugCompileClasspath,releaseCompileClasspath
androidx.collection:collection:1.5.0=debugCompileClasspath,releaseCompileClasspath
androidx.room:room-common-jvm:2.8.4=_agp_internal_debug_kspClasspath,_agp_internal_release_kspClasspath,debugCompileClasspath,kspDebugKotlinProcessorClasspath,kspReleaseKotlinProcessorClasspath,releaseCompileClasspath
androidx.room:room-common:2.8.4=_agp_internal_debug_kspClasspath,_agp_internal_release_kspClasspath,debugCompileClasspath,kspDebugKotlinProcessorClasspath,kspReleaseKotlinProcessorClasspath,releaseCompileClasspath
androidx.room:room-compiler-processing:2.8.4=_agp_internal_debug_kspClasspath,_agp_internal_release_kspClasspath,kspDebugKotlinProcessorClasspath,kspReleaseKotlinProcessorClasspath
androidx.room:room-compiler:2.8.4=_agp_internal_debug_kspClasspath,_agp_internal_release_kspClasspath,kspDebugKotlinProcessorClasspath,kspReleaseKotlinProcessorClasspath
androidx.room:room-external-antlr:2.8.4=_agp_internal_debug_kspClasspath,_agp_internal_release_kspClasspath,kspDebugKotlinProcessorClasspath,kspReleaseKotlinProcessorClasspath
androidx.room:room-ktx:2.8.4=debugCompileClasspath,releaseCompileClasspath
androidx.room:room-migration-jvm:2.8.4=_agp_internal_debug_kspClasspath,_agp_internal_release_kspClasspath,kspDebugKotlinProcessorClasspath,kspReleaseKotlinProcessorClasspath
androidx.room:room-migration:2.8.4=_agp_internal_debug_kspClasspath,_agp_internal_release_kspClasspath,kspDebugKotlinProcessorClasspath,kspReleaseKotlinProcessorClasspath
androidx.room:room-runtime-android:2.8.4=debugCompileClasspath,releaseCompileClasspath
androidx.room:room-runtime:2.8.4=debugCompileClasspath,releaseCompileClasspath
androidx.security:security-crypto:1.1.0-alpha06=debugCompileClasspath,releaseCompileClasspath
androidx.sqlite:sqlite-android:2.6.2=debugCompileClasspath,releaseCompileClasspath
androidx.sqlite:sqlite-framework-android:2.6.2=debugCompileClasspath,releaseCompileClasspath
androidx.sqlite:sqlite-framework:2.6.2=debugCompileClasspath,releaseCompileClasspath
androidx.sqlite:sqlite:2.6.2=debugCompileClasspath,releaseCompileClasspath
com.google.auto.value:auto-value-annotations:1.6.3=_agp_internal_debug_kspClasspath,_agp_internal_release_kspClasspath,kspDebugKotlinProcessorClasspath,kspReleaseKotlinProcessorClasspath
com.google.auto:auto-common:1.2.1=_agp_internal_debug_kspClasspath,_agp_internal_release_kspClasspath,kspDebugKotlinProcessorClasspath,kspReleaseKotlinProcessorClasspath
com.google.code.findbugs:jsr305:3.0.2=_agp_internal_debug_kspClasspath,_agp_internal_release_kspClasspath,kspDebugKotlinProcessorClasspath,kspReleaseKotlinProcessorClasspath
com.google.devtools.ksp:symbol-processing-api:2.0.10-1.0.24=_agp_internal_debug_kspClasspath,_agp_internal_release_kspClasspath,kspDebugKotlinProcessorClasspath,kspReleaseKotlinProcessorClasspath
com.google.devtools.ksp:symbol-processing-api:2.3.9=kotlinCompilerPluginClasspathDebug,kotlinCompilerPluginClasspathRelease
com.google.errorprone:error_prone_annotations:2.26.1=_agp_internal_debug_kspClasspath,_agp_internal_release_kspClasspath,kspDebugKotlinProcessorClasspath,kspReleaseKotlinProcessorClasspath
com.google.guava:failureaccess:1.0.2=_agp_internal_debug_kspClasspath,_agp_internal_release_kspClasspath,kspDebugKotlinProcessorClasspath,kspReleaseKotlinProcessorClasspath
com.google.guava:guava:33.2.1-jre=_agp_internal_debug_kspClasspath,_agp_internal_release_kspClasspath,kspDebugKotlinProcessorClasspath,kspReleaseKotlinProcessorClasspath
com.google.guava:listenablefuture:9999.0-empty-to-avoid-conflict-with-guava=_agp_internal_debug_kspClasspath,_agp_internal_release_kspClasspath,kspDebugKotlinProcessorClasspath,kspReleaseKotlinProcessorClasspath
com.intellij:annotations:12.0=_agp_internal_debug_kspClasspath,_agp_internal_release_kspClasspath,kspDebugKotlinProcessorClasspath,kspReleaseKotlinProcessorClasspath
com.squareup.okhttp3:okhttp:4.12.0=debugCompileClasspath,releaseCompileClasspath
com.squareup.okio:okio-jvm:3.6.0=debugCompileClasspath,releaseCompileClasspath
com.squareup.okio:okio:3.6.0=debugCompileClasspath,releaseCompileClasspath
com.squareup:javapoet:1.13.0=_agp_internal_debug_kspClasspath,_agp_internal_release_kspClasspath,kspDebugKotlinProcessorClasspath,kspReleaseKotlinProcessorClasspath
com.squareup:kotlinpoet-javapoet:2.0.0=_agp_internal_debug_kspClasspath,_agp_internal_release_kspClasspath,kspDebugKotlinProcessorClasspath,kspReleaseKotlinProcessorClasspath
com.squareup:kotlinpoet-jvm:2.0.0=_agp_internal_debug_kspClasspath,_agp_internal_release_kspClasspath,kspDebugKotlinProcessorClasspath,kspReleaseKotlinProcessorClasspath
com.squareup:kotlinpoet:2.0.0=_agp_internal_debug_kspClasspath,_agp_internal_release_kspClasspath,kspDebugKotlinProcessorClasspath,kspReleaseKotlinProcessorClasspath
commons-codec:commons-codec:1.15=_agp_internal_debug_kspClasspath,_agp_internal_release_kspClasspath,kspDebugKotlinProcessorClasspath,kspReleaseKotlinProcessorClasspath
org.checkerframework:checker-qual:3.42.0=_agp_internal_debug_kspClasspath,_agp_internal_release_kspClasspath,kspDebugKotlinProcessorClasspath,kspReleaseKotlinProcessorClasspath
org.jetbrains.kotlin:kotlin-build-tools-api:2.4.0=kotlinBuildToolsApiClasspath
org.jetbrains.kotlin:kotlin-build-tools-compat:2.4.0=kotlinBuildToolsApiClasspath
org.jetbrains.kotlin:kotlin-build-tools-cri-impl:2.4.0=kotlinBuildToolsApiClasspath
org.jetbrains.kotlin:kotlin-build-tools-impl:2.4.0=kotlinBuildToolsApiClasspath
org.jetbrains.kotlin:kotlin-compiler-embeddable:2.4.0=kotlinBuildToolsApiClasspath
org.jetbrains.kotlin:kotlin-compiler-runner:2.4.0=kotlinBuildToolsApiClasspath
org.jetbrains.kotlin:kotlin-daemon-client:2.4.0=kotlinBuildToolsApiClasspath
org.jetbrains.kotlin:kotlin-daemon-embeddable:2.4.0=kotlinBuildToolsApiClasspath
org.jetbrains.kotlin:kotlin-metadata-jvm:2.2.0=_agp_internal_debug_kspClasspath,_agp_internal_release_kspClasspath,kspDebugKotlinProcessorClasspath,kspReleaseKotlinProcessorClasspath
org.jetbrains.kotlin:kotlin-reflect:1.6.10=kotlinBuildToolsApiClasspath
org.jetbrains.kotlin:kotlin-reflect:2.0.10=_agp_internal_debug_kspClasspath,_agp_internal_release_kspClasspath,kspDebugKotlinProcessorClasspath,kspReleaseKotlinProcessorClasspath
org.jetbrains.kotlin:kotlin-script-runtime:2.4.0=kotlinBuildToolsApiClasspath
org.jetbrains.kotlin:kotlin-serialization-compiler-plugin-embeddable:2.4.0=kotlinCompilerPluginClasspathDebug,kotlinCompilerPluginClasspathRelease
org.jetbrains.kotlin:kotlin-stdlib-common:2.4.0=debugCompileClasspath,releaseCompileClasspath
org.jetbrains.kotlin:kotlin-stdlib-jdk7:1.9.10=debugCompileClasspath,releaseCompileClasspath
org.jetbrains.kotlin:kotlin-stdlib-jdk8:1.9.10=debugCompileClasspath,releaseCompileClasspath
org.jetbrains.kotlin:kotlin-stdlib:2.2.0=_agp_internal_debug_kspClasspath,_agp_internal_release_kspClasspath,kspDebugKotlinProcessorClasspath,kspReleaseKotlinProcessorClasspath
org.jetbrains.kotlin:kotlin-stdlib:2.3.20=kotlinCompilerPluginClasspathDebug,kotlinCompilerPluginClasspathRelease
org.jetbrains.kotlin:kotlin-stdlib:2.4.0=debugCompileClasspath,kotlinBuildToolsApiClasspath,releaseCompileClasspath
org.jetbrains.kotlin:kotlin-tooling-core:2.4.0=kotlinBuildToolsApiClasspath
org.jetbrains.kotlinx:kotlinx-coroutines-android:1.10.2=debugCompileClasspath,releaseCompileClasspath
org.jetbrains.kotlinx:kotlinx-coroutines-bom:1.10.2=debugCompileClasspath,releaseCompileClasspath
org.jetbrains.kotlinx:kotlinx-coroutines-core-jvm:1.10.2=debugCompileClasspath,releaseCompileClasspath
org.jetbrains.kotlinx:kotlinx-coroutines-core-jvm:1.8.0=kotlinBuildToolsApiClasspath
org.jetbrains.kotlinx:kotlinx-coroutines-core:1.10.2=debugCompileClasspath,releaseCompileClasspath
org.jetbrains.kotlinx:kotlinx-serialization-bom:1.8.1=_agp_internal_debug_kspClasspath,_agp_internal_release_kspClasspath,kspDebugKotlinProcessorClasspath,kspReleaseKotlinProcessorClasspath
org.jetbrains.kotlinx:kotlinx-serialization-bom:1.9.0=debugCompileClasspath,releaseCompileClasspath
org.jetbrains.kotlinx:kotlinx-serialization-core-jvm:1.8.1=_agp_internal_debug_kspClasspath,_agp_internal_release_kspClasspath,kspDebugKotlinProcessorClasspath,kspReleaseKotlinProcessorClasspath
org.jetbrains.kotlinx:kotlinx-serialization-core-jvm:1.9.0=debugCompileClasspath,releaseCompileClasspath
org.jetbrains.kotlinx:kotlinx-serialization-core:1.8.1=_agp_internal_debug_kspClasspath,_agp_internal_release_kspClasspath,kspDebugKotlinProcessorClasspath,kspReleaseKotlinProcessorClasspath
org.jetbrains.kotlinx:kotlinx-serialization-core:1.9.0=debugCompileClasspath,releaseCompileClasspath
org.jetbrains.kotlinx:kotlinx-serialization-json-jvm:1.8.1=_agp_internal_debug_kspClasspath,_agp_internal_release_kspClasspath,kspDebugKotlinProcessorClasspath,kspReleaseKotlinProcessorClasspath
org.jetbrains.kotlinx:kotlinx-serialization-json-jvm:1.9.0=debugCompileClasspath,releaseCompileClasspath
org.jetbrains.kotlinx:kotlinx-serialization-json:1.8.1=_agp_internal_debug_kspClasspath,_agp_internal_release_kspClasspath,kspDebugKotlinProcessorClasspath,kspReleaseKotlinProcessorClasspath
org.jetbrains.kotlinx:kotlinx-serialization-json:1.9.0=debugCompileClasspath,releaseCompileClasspath
org.jetbrains:annotations:13.0=_agp_internal_debug_kspClasspath,_agp_internal_release_kspClasspath,kotlinBuildToolsApiClasspath,kotlinCompilerPluginClasspathDebug,kotlinCompilerPluginClasspathRelease,kspDebugKotlinProcessorClasspath,kspReleaseKotlinProcessorClasspath
org.jetbrains:annotations:23.0.0=debugCompileClasspath,releaseCompileClasspath
org.jspecify:jspecify:1.0.0=_agp_internal_debug_kspClasspath,_agp_internal_release_kspClasspath,debugCompileClasspath,kspDebugKotlinProcessorClasspath,kspReleaseKotlinProcessorClasspath,releaseCompileClasspath
org.xerial:sqlite-jdbc:3.41.2.2=_agp_internal_debug_kspClasspath,_agp_internal_release_kspClasspath,kspDebugKotlinProcessorClasspath,kspReleaseKotlinProcessorClasspath
empty=androidApis,debugAnnotationProcessorClasspath,kotlinCompilerPluginClasspath,releaseAnnotationProcessorClasspath
