# This is a Gradle generated file for dependency locking.
# Manual edits can break the build and are not advised.
# This file is expected to be part of source control.
# To regenerate this file, run: ./gradlew :kugou:dependencies --write-locks
com.android.tools:desugar_jdk_libs_configuration_nio:2.1.5=coreLibraryDesugaring
com.android.tools:desugar_jdk_libs_nio:2.1.5=coreLibraryDesugaring
com.squareup.okhttp3:okhttp-android:5.3.2=debugCompileClasspath,releaseCompileClasspath
com.squareup.okhttp3:okhttp:5.3.2=debugCompileClasspath,releaseCompileClasspath
com.squareup.okio:okio-jvm:3.17.0=debugCompileClasspath,releaseCompileClasspath
com.squareup.okio:okio:3.17.0=debugCompileClasspath,releaseCompileClasspath
io.ktor:ktor-client-content-negotiation-jvm:3.5.0=debugCompileClasspath,releaseCompileClasspath
io.ktor:ktor-client-content-negotiation:3.5.0=debugCompileClasspath,releaseCompileClasspath
io.ktor:ktor-client-core-jvm:3.5.0=debugCompileClasspath,releaseCompileClasspath
io.ktor:ktor-client-core:3.5.0=debugCompileClasspath,releaseCompileClasspath
io.ktor:ktor-client-encoding-jvm:3.5.0=debugCompileClasspath,releaseCompileClasspath
io.ktor:ktor-client-encoding:3.5.0=debugCompileClasspath,releaseCompileClasspath
io.ktor:ktor-client-okhttp-jvm:3.5.0=debugCompileClasspath,releaseCompileClasspath
io.ktor:ktor-client-okhttp:3.5.0=debugCompileClasspath,releaseCompileClasspath
io.ktor:ktor-events-jvm:3.5.0=debugCompileClasspath,releaseCompileClasspath
io.ktor:ktor-events:3.5.0=debugCompileClasspath,releaseCompileClasspath
io.ktor:ktor-http-cio-jvm:3.5.0=debugCompileClasspath,releaseCompileClasspath
io.ktor:ktor-http-cio:3.5.0=debugCompileClasspath,releaseCompileClasspath
io.ktor:ktor-http-jvm:3.5.0=debugCompileClasspath,releaseCompileClasspath
io.ktor:ktor-http:3.5.0=debugCompileClasspath,releaseCompileClasspath
io.ktor:ktor-io-jvm:3.5.0=debugCompileClasspath,releaseCompileClasspath
io.ktor:ktor-io:3.5.0=debugCompileClasspath,releaseCompileClasspath
io.ktor:ktor-network-jvm:3.5.0=debugCompileClasspath,releaseCompileClasspath
io.ktor:ktor-network:3.5.0=debugCompileClasspath,releaseCompileClasspath
io.ktor:ktor-serialization-jvm:3.5.0=debugCompileClasspath,releaseCompileClasspath
io.ktor:ktor-serialization-kotlinx-json-jvm:3.5.0=debugCompileClasspath,releaseCompileClasspath
io.ktor:ktor-serialization-kotlinx-json:3.5.0=debugCompileClasspath,releaseCompileClasspath
io.ktor:ktor-serialization-kotlinx-jvm:3.5.0=debugCompileClasspath,releaseCompileClasspath
io.ktor:ktor-serialization-kotlinx:3.5.0=debugCompileClasspath,releaseCompileClasspath
io.ktor:ktor-serialization:3.5.0=debugCompileClasspath,releaseCompileClasspath
io.ktor:ktor-sse-jvm:3.5.0=debugCompileClasspath,releaseCompileClasspath
io.ktor:ktor-sse:3.5.0=debugCompileClasspath,releaseCompileClasspath
io.ktor:ktor-utils-jvm:3.5.0=debugCompileClasspath,releaseCompileClasspath
io.ktor:ktor-utils:3.5.0=debugCompileClasspath,releaseCompileClasspath
io.ktor:ktor-websocket-serialization-jvm:3.5.0=debugCompileClasspath,releaseCompileClasspath
io.ktor:ktor-websocket-serialization:3.5.0=debugCompileClasspath,releaseCompileClasspath
io.ktor:ktor-websockets-jvm:3.5.0=debugCompileClasspath,releaseCompileClasspath
io.ktor:ktor-websockets:3.5.0=debugCompileClasspath,releaseCompileClasspath
org.jetbrains.kotlin:kotlin-build-tools-api:2.4.0=kotlinBuildToolsApiClasspath
org.jetbrains.kotlin:kotlin-build-tools-compat:2.4.0=kotlinBuildToolsApiClasspath
org.jetbrains.kotlin:kotlin-build-tools-cri-impl:2.4.0=kotlinBuildToolsApiClasspath
org.jetbrains.kotlin:kotlin-build-tools-impl:2.4.0=kotlinBuildToolsApiClasspath
org.jetbrains.kotlin:kotlin-compiler-embeddable:2.4.0=kotlinBuildToolsApiClasspath
org.jetbrains.kotlin:kotlin-compiler-runner:2.4.0=kotlinBuildToolsApiClasspath
org.jetbrains.kotlin:kotlin-daemon-client:2.4.0=kotlinBuildToolsApiClasspath
org.jetbrains.kotlin:kotlin-daemon-embeddable:2.4.0=kotlinBuildToolsApiClasspath
org.jetbrains.kotlin:kotlin-reflect:1.6.10=kotlinBuildToolsApiClasspath
org.jetbrains.kotlin:kotlin-script-runtime:2.4.0=kotlinBuildToolsApiClasspath
org.jetbrains.kotlin:kotlin-serialization-compiler-plugin-embeddable:2.4.0=kotlinCompilerPluginClasspathDebug,kotlinCompilerPluginClasspathRelease
org.jetbrains.kotlin:kotlin-stdlib:2.4.0=debugCompileClasspath,kotlinBuildToolsApiClasspath,releaseCompileClasspath
org.jetbrains.kotlin:kotlin-tooling-core:2.4.0=kotlinBuildToolsApiClasspath
org.jetbrains.kotlinx:kotlinx-coroutines-bom:1.11.0=debugCompileClasspath,releaseCompileClasspath
org.jetbrains.kotlinx:kotlinx-coroutines-core-jvm:1.11.0=debugCompileClasspath,releaseCompileClasspath
org.jetbrains.kotlinx:kotlinx-coroutines-core-jvm:1.8.0=kotlinBuildToolsApiClasspath
org.jetbrains.kotlinx:kotlinx-coroutines-core:1.11.0=debugCompileClasspath,releaseCompileClasspath
org.jetbrains.kotlinx:kotlinx-io-bytestring-jvm:0.9.0=debugCompileClasspath,releaseCompileClasspath
org.jetbrains.kotlinx:kotlinx-io-bytestring:0.9.0=debugCompileClasspath,releaseCompileClasspath
org.jetbrains.kotlinx:kotlinx-io-core-jvm:0.9.0=debugCompileClasspath,releaseCompileClasspath
org.jetbrains.kotlinx:kotlinx-io-core:0.9.0=debugCompileClasspath,releaseCompileClasspath
org.jetbrains.kotlinx:kotlinx-serialization-bom:1.11.0=debugCompileClasspath,releaseCompileClasspath
org.jetbrains.kotlinx:kotlinx-serialization-core-jvm:1.11.0=debugCompileClasspath,releaseCompileClasspath
org.jetbrains.kotlinx:kotlinx-serialization-core:1.11.0=debugCompileClasspath,releaseCompileClasspath
org.jetbrains.kotlinx:kotlinx-serialization-json-io-jvm:1.11.0=debugCompileClasspath,releaseCompileClasspath
org.jetbrains.kotlinx:kotlinx-serialization-json-io:1.11.0=debugCompileClasspath,releaseCompileClasspath
org.jetbrains.kotlinx:kotlinx-serialization-json-jvm:1.11.0=debugCompileClasspath,releaseCompileClasspath
org.jetbrains.kotlinx:kotlinx-serialization-json:1.11.0=debugCompileClasspath,releaseCompileClasspath
org.jetbrains:annotations:13.0=kotlinBuildToolsApiClasspath
org.jetbrains:annotations:23.0.0=debugCompileClasspath,releaseCompileClasspath
org.slf4j:slf4j-api:2.0.18=debugCompileClasspath,releaseCompileClasspath
empty=androidApis,debugAnnotationProcessorClasspath,kotlinCompilerPluginClasspath,releaseAnnotationProcessorClasspath
