# This is a Gradle generated file for dependency locking.
# Manual edits can break the build and are not advised.
# This file is expected to be part of source control.
# To regenerate this file, run: ./gradlew :app:dependencies --write-locks
androidx.activity:activity-compose:1.12.3=universalFossDebugCompileClasspath,universalFossDebugRuntimeClasspath
androidx.activity:activity-ktx:1.12.3=universalFossDebugCompileClasspath,universalFossDebugRuntimeClasspath
androidx.activity:activity:1.12.3=universalFossDebugCompileClasspath,universalFossDebugRuntimeClasspath
androidx.annotation:annotation-experimental:1.5.1=universalFossDebugCompileClasspath,universalFossDebugRuntimeClasspath
androidx.annotation:annotation-jvm:1.10.0=universalFossDebugRuntimeClasspath
androidx.annotation:annotation-jvm:1.9.1=kspUniversalFossDebugKotlinProcessorClasspath,universalFossDebugCompileClasspath
androidx.annotation:annotation:1.10.0=universalFossDebugRuntimeClasspath
androidx.annotation:annotation:1.9.1=kspUniversalFossDebugKotlinProcessorClasspath,universalFossDebugCompileClasspath
androidx.appcompat:appcompat-resources:1.7.1=universalFossDebugCompileClasspath,universalFossDebugRuntimeClasspath
androidx.appcompat:appcompat:1.7.1=universalFossDebugCompileClasspath,universalFossDebugRuntimeClasspath
androidx.arch.core:core-common:2.2.0=universalFossDebugCompileClasspath,universalFossDebugRuntimeClasspath
androidx.arch.core:core-runtime:2.2.0=universalFossDebugCompileClasspath,universalFossDebugRuntimeClasspath
androidx.autofill:autofill:1.0.0=universalFossDebugRuntimeClasspath
androidx.browser:browser:1.9.0=universalFossDebugCompileClasspath,universalFossDebugRuntimeClasspath
androidx.cardview:cardview:1.0.0=universalFossDebugRuntimeClasspath
androidx.collection:collection-jvm:1.5.0=universalFossDebugCompileClasspath,universalFossDebugRuntimeClasspath
androidx.collection:collection-ktx:1.5.0=universalFossDebugRuntimeClasspath
androidx.collection:collection:1.5.0=universalFossDebugCompileClasspath,universalFossDebugRuntimeClasspath
androidx.compose.animation:animation-android:1.11.2=universalFossDebugCompileClasspath,universalFossDebugRuntimeClasspath
androidx.compose.animation:animation-core-android:1.11.2=universalFossDebugCompileClasspath,universalFossDebugRuntimeClasspath
androidx.compose.animation:animation-core:1.11.2=universalFossDebugCompileClasspath,universalFossDebugRuntimeClasspath
androidx.compose.animation:animation-graphics-android:1.11.2=universalFossDebugCompileClasspath,universalFossDebugRuntimeClasspath
androidx.compose.animation:animation-graphics:1.11.2=universalFossDebugCompileClasspath,universalFossDebugRuntimeClasspath
androidx.compose.animation:animation:1.11.2=universalFossDebugCompileClasspath,universalFossDebugRuntimeClasspath
androidx.compose.foundation:foundation-android:1.11.2=universalFossDebugCompileClasspath,universalFossDebugRuntimeClasspath
androidx.compose.foundation:foundation-layout-android:1.11.2=universalFossDebugCompileClasspath,universalFossDebugRuntimeClasspath
androidx.compose.foundation:foundation-layout:1.11.2=universalFossDebugCompileClasspath,universalFossDebugRuntimeClasspath
androidx.compose.foundation:foundation:1.11.2=universalFossDebugCompileClasspath,universalFossDebugRuntimeClasspath
androidx.compose.material3.adaptive:adaptive-android:1.3.0-alpha09=universalFossDebugCompileClasspath,universalFossDebugRuntimeClasspath
androidx.compose.material3.adaptive:adaptive-layout-android:1.3.0-alpha09=universalFossDebugCompileClasspath,universalFossDebugRuntimeClasspath
androidx.compose.material3.adaptive:adaptive-layout:1.3.0-alpha09=universalFossDebugCompileClasspath,universalFossDebugRuntimeClasspath
androidx.compose.material3.adaptive:adaptive-navigation-android:1.3.0-alpha09=universalFossDebugCompileClasspath,universalFossDebugRuntimeClasspath
androidx.compose.material3.adaptive:adaptive-navigation:1.3.0-alpha09=universalFossDebugCompileClasspath,universalFossDebugRuntimeClasspath
androidx.compose.material3.adaptive:adaptive:1.3.0-alpha09=universalFossDebugCompileClasspath,universalFossDebugRuntimeClasspath
androidx.compose.material3:material3-android:1.5.0-alpha18=universalFossDebugCompileClasspath,universalFossDebugRuntimeClasspath
androidx.compose.material3:material3:1.5.0-alpha18=universalFossDebugCompileClasspath,universalFossDebugRuntimeClasspath
androidx.compose.material:material-android:1.6.2=universalFossDebugRuntimeClasspath
androidx.compose.material:material-icons-core-android:1.7.8=universalFossDebugCompileClasspath,universalFossDebugRuntimeClasspath
androidx.compose.material:material-icons-core:1.7.8=universalFossDebugCompileClasspath,universalFossDebugRuntimeClasspath
androidx.compose.material:material-icons-extended-android:1.7.8=universalFossDebugCompileClasspath,universalFossDebugRuntimeClasspath
androidx.compose.material:material-icons-extended:1.7.8=universalFossDebugCompileClasspath,universalFossDebugRuntimeClasspath
androidx.compose.material:material-ripple-android:1.11.0-beta02=universalFossDebugCompileClasspath,universalFossDebugRuntimeClasspath
androidx.compose.material:material-ripple:1.11.0-beta02=universalFossDebugCompileClasspath,universalFossDebugRuntimeClasspath
androidx.compose.material:material:1.6.2=universalFossDebugRuntimeClasspath
androidx.compose.runtime:runtime-android:1.11.2=universalFossDebugCompileClasspath,universalFossDebugRuntimeClasspath
androidx.compose.runtime:runtime-annotation-android:1.11.2=universalFossDebugCompileClasspath,universalFossDebugRuntimeClasspath
androidx.compose.runtime:runtime-annotation:1.11.2=universalFossDebugCompileClasspath,universalFossDebugRuntimeClasspath
androidx.compose.runtime:runtime-retain-android:1.11.2=universalFossDebugCompileClasspath,universalFossDebugRuntimeClasspath
androidx.compose.runtime:runtime-retain:1.11.2=universalFossDebugCompileClasspath,universalFossDebugRuntimeClasspath
androidx.compose.runtime:runtime-saveable-android:1.11.2=universalFossDebugCompileClasspath,universalFossDebugRuntimeClasspath
androidx.compose.runtime:runtime-saveable:1.11.2=universalFossDebugCompileClasspath,universalFossDebugRuntimeClasspath
androidx.compose.runtime:runtime:1.11.2=universalFossDebugCompileClasspath,universalFossDebugRuntimeClasspath
androidx.compose.ui:ui-android:1.11.2=universalFossDebugCompileClasspath,universalFossDebugRuntimeClasspath
androidx.compose.ui:ui-geometry-android:1.11.2=universalFossDebugCompileClasspath,universalFossDebugRuntimeClasspath
androidx.compose.ui:ui-geometry:1.11.2=universalFossDebugCompileClasspath,universalFossDebugRuntimeClasspath
androidx.compose.ui:ui-graphics-android:1.11.2=universalFossDebugCompileClasspath,universalFossDebugRuntimeClasspath
androidx.compose.ui:ui-graphics:1.11.2=universalFossDebugCompileClasspath,universalFossDebugRuntimeClasspath
androidx.compose.ui:ui-text-android:1.11.2=universalFossDebugCompileClasspath,universalFossDebugRuntimeClasspath
androidx.compose.ui:ui-text:1.11.2=universalFossDebugCompileClasspath,universalFossDebugRuntimeClasspath
androidx.compose.ui:ui-tooling-android:1.11.2=universalFossDebugCompileClasspath,universalFossDebugRuntimeClasspath
androidx.compose.ui:ui-tooling-data-android:1.11.2=universalFossDebugCompileClasspath,universalFossDebugRuntimeClasspath
androidx.compose.ui:ui-tooling-data:1.11.2=universalFossDebugCompileClasspath,universalFossDebugRuntimeClasspath
androidx.compose.ui:ui-tooling-preview-android:1.11.2=universalFossDebugCompileClasspath,universalFossDebugRuntimeClasspath
androidx.compose.ui:ui-tooling-preview:1.11.2=universalFossDebugCompileClasspath,universalFossDebugRuntimeClasspath
androidx.compose.ui:ui-tooling:1.11.2=universalFossDebugCompileClasspath,universalFossDebugRuntimeClasspath
androidx.compose.ui:ui-unit-android:1.11.2=universalFossDebugCompileClasspath,universalFossDebugRuntimeClasspath
androidx.compose.ui:ui-unit:1.11.2=universalFossDebugCompileClasspath,universalFossDebugRuntimeClasspath
androidx.compose.ui:ui-util-android:1.11.2=universalFossDebugCompileClasspath,universalFossDebugRuntimeClasspath
androidx.compose.ui:ui-util:1.11.2=universalFossDebugCompileClasspath,universalFossDebugRuntimeClasspath
androidx.compose.ui:ui:1.11.2=universalFossDebugCompileClasspath,universalFossDebugRuntimeClasspath
androidx.compose:compose-bom:2024.02.01=universalFossDebugRuntimeClasspath
androidx.concurrent:concurrent-futures-ktx:1.3.0=universalFossDebugCompileClasspath,universalFossDebugRuntimeClasspath
androidx.concurrent:concurrent-futures:1.3.0=universalFossDebugCompileClasspath,universalFossDebugRuntimeClasspath
androidx.constraintlayout:constraintlayout-solver:2.0.1=universalFossDebugRuntimeClasspath
androidx.constraintlayout:constraintlayout:2.0.1=universalFossDebugRuntimeClasspath
androidx.coordinatorlayout:coordinatorlayout:1.1.0=universalFossDebugRuntimeClasspath
androidx.core:core-ktx:1.16.0=universalFossDebugCompileClasspath,universalFossDebugRuntimeClasspath
androidx.core:core-splashscreen:1.2.0=universalFossDebugCompileClasspath,universalFossDebugRuntimeClasspath
androidx.core:core-viewtree:1.0.0=universalFossDebugCompileClasspath,universalFossDebugRuntimeClasspath
androidx.core:core:1.16.0=universalFossDebugCompileClasspath,universalFossDebugRuntimeClasspath
androidx.cursoradapter:cursoradapter:1.0.0=universalFossDebugCompileClasspath,universalFossDebugRuntimeClasspath
androidx.customview:customview-poolingcontainer:1.0.0=universalFossDebugRuntimeClasspath
androidx.customview:customview:1.0.0=universalFossDebugCompileClasspath,universalFossDebugRuntimeClasspath
androidx.datastore:datastore-android:1.2.1=universalFossDebugCompileClasspath,universalFossDebugRuntimeClasspath
androidx.datastore:datastore-core-android:1.2.1=universalFossDebugCompileClasspath,universalFossDebugRuntimeClasspath
androidx.datastore:datastore-core-okio-jvm:1.2.1=universalFossDebugCompileClasspath,universalFossDebugRuntimeClasspath
androidx.datastore:datastore-core-okio:1.2.1=universalFossDebugCompileClasspath,universalFossDebugRuntimeClasspath
androidx.datastore:datastore-core:1.2.1=universalFossDebugCompileClasspath,universalFossDebugRuntimeClasspath
androidx.datastore:datastore-preferences-android:1.2.1=universalFossDebugCompileClasspath,universalFossDebugRuntimeClasspath
androidx.datastore:datastore-preferences-core-android:1.2.1=universalFossDebugCompileClasspath,universalFossDebugRuntimeClasspath
androidx.datastore:datastore-preferences-core:1.2.1=universalFossDebugCompileClasspath,universalFossDebugRuntimeClasspath
androidx.datastore:datastore-preferences-external-protobuf:1.2.1=universalFossDebugRuntimeClasspath
androidx.datastore:datastore-preferences-proto:1.2.1=universalFossDebugRuntimeClasspath
androidx.datastore:datastore-preferences:1.2.1=universalFossDebugCompileClasspath,universalFossDebugRuntimeClasspath
androidx.datastore:datastore:1.2.1=universalFossDebugCompileClasspath,universalFossDebugRuntimeClasspath
androidx.documentfile:documentfile:1.0.0=universalFossDebugCompileClasspath,universalFossDebugRuntimeClasspath
androidx.drawerlayout:drawerlayout:1.0.0=universalFossDebugCompileClasspath,universalFossDebugRuntimeClasspath
androidx.dynamicanimation:dynamicanimation:1.0.0=universalFossDebugRuntimeClasspath
androidx.emoji2:emoji2-views-helper:1.4.0=universalFossDebugRuntimeClasspath
androidx.emoji2:emoji2:1.4.0=universalFossDebugRuntimeClasspath
androidx.exifinterface:exifinterface:1.4.2=universalFossDebugRuntimeClasspath
androidx.fragment:fragment:1.5.4=universalFossDebugCompileClasspath,universalFossDebugRuntimeClasspath
androidx.graphics:graphics-path:1.0.1=universalFossDebugRuntimeClasspath
androidx.graphics:graphics-shapes-android:1.0.1=universalFossDebugCompileClasspath
androidx.graphics:graphics-shapes-android:1.1.0=universalFossDebugRuntimeClasspath
androidx.graphics:graphics-shapes:1.0.1=universalFossDebugCompileClasspath
androidx.graphics:graphics-shapes:1.1.0=universalFossDebugRuntimeClasspath
androidx.hilt:hilt-lifecycle-viewmodel-compose:1.3.0=universalFossDebugCompileClasspath,universalFossDebugRuntimeClasspath
androidx.hilt:hilt-lifecycle-viewmodel:1.3.0=universalFossDebugCompileClasspath,universalFossDebugRuntimeClasspath
androidx.hilt:hilt-navigation-compose:1.3.0=universalFossDebugCompileClasspath,universalFossDebugRuntimeClasspath
androidx.interpolator:interpolator:1.0.0=universalFossDebugCompileClasspath,universalFossDebugRuntimeClasspath
androidx.legacy:legacy-support-core-utils:1.0.0=universalFossDebugCompileClasspath,universalFossDebugRuntimeClasspath
androidx.lifecycle:lifecycle-common-java8:2.10.0=universalFossDebugRuntimeClasspath
androidx.lifecycle:lifecycle-common-jvm:2.10.0=universalFossDebugCompileClasspath,universalFossDebugRuntimeClasspath
androidx.lifecycle:lifecycle-common:2.10.0=universalFossDebugCompileClasspath,universalFossDebugRuntimeClasspath
androidx.lifecycle:lifecycle-livedata-core-ktx:2.10.0=universalFossDebugCompileClasspath,universalFossDebugRuntimeClasspath
androidx.lifecycle:lifecycle-livedata-core:2.10.0=universalFossDebugCompileClasspath,universalFossDebugRuntimeClasspath
androidx.lifecycle:lifecycle-livedata:2.10.0=universalFossDebugCompileClasspath,universalFossDebugRuntimeClasspath
androidx.lifecycle:lifecycle-process:2.10.0=universalFossDebugRuntimeClasspath
androidx.lifecycle:lifecycle-runtime-android:2.10.0=universalFossDebugCompileClasspath,universalFossDebugRuntimeClasspath
androidx.lifecycle:lifecycle-runtime-compose-android:2.10.0=universalFossDebugCompileClasspath,universalFossDebugRuntimeClasspath
androidx.lifecycle:lifecycle-runtime-compose:2.10.0=universalFossDebugCompileClasspath,universalFossDebugRuntimeClasspath
androidx.lifecycle:lifecycle-runtime-ktx-android:2.10.0=universalFossDebugCompileClasspath,universalFossDebugRuntimeClasspath
androidx.lifecycle:lifecycle-runtime-ktx:2.10.0=universalFossDebugCompileClasspath,universalFossDebugRuntimeClasspath
androidx.lifecycle:lifecycle-runtime:2.10.0=universalFossDebugCompileClasspath,universalFossDebugRuntimeClasspath
androidx.lifecycle:lifecycle-service:2.10.0=universalFossDebugCompileClasspath,universalFossDebugRuntimeClasspath
androidx.lifecycle:lifecycle-viewmodel-android:2.10.0=universalFossDebugCompileClasspath,universalFossDebugRuntimeClasspath
androidx.lifecycle:lifecycle-viewmodel-compose-android:2.10.0=universalFossDebugCompileClasspath,universalFossDebugRuntimeClasspath
androidx.lifecycle:lifecycle-viewmodel-compose:2.10.0=universalFossDebugCompileClasspath,universalFossDebugRuntimeClasspath
androidx.lifecycle:lifecycle-viewmodel-ktx:2.10.0=universalFossDebugCompileClasspath,universalFossDebugRuntimeClasspath
androidx.lifecycle:lifecycle-viewmodel-savedstate-android:2.10.0=universalFossDebugCompileClasspath,universalFossDebugRuntimeClasspath
androidx.lifecycle:lifecycle-viewmodel-savedstate:2.10.0=universalFossDebugCompileClasspath,universalFossDebugRuntimeClasspath
androidx.lifecycle:lifecycle-viewmodel:2.10.0=universalFossDebugCompileClasspath,universalFossDebugRuntimeClasspath
androidx.loader:loader:1.0.0=universalFossDebugCompileClasspath,universalFossDebugRuntimeClasspath
androidx.localbroadcastmanager:localbroadcastmanager:1.0.0=universalFossDebugCompileClasspath,universalFossDebugRuntimeClasspath
androidx.media3:media3-common:1.10.1=universalFossDebugCompileClasspath,universalFossDebugRuntimeClasspath
androidx.media3:media3-container:1.10.1=universalFossDebugCompileClasspath,universalFossDebugRuntimeClasspath
androidx.media3:media3-database:1.10.1=universalFossDebugCompileClasspath,universalFossDebugRuntimeClasspath
androidx.media3:media3-datasource-okhttp:1.10.1=universalFossDebugCompileClasspath,universalFossDebugRuntimeClasspath
androidx.media3:media3-datasource:1.10.1=universalFossDebugCompileClasspath,universalFossDebugRuntimeClasspath
androidx.media3:media3-decoder:1.10.1=universalFossDebugCompileClasspath,universalFossDebugRuntimeClasspath
androidx.media3:media3-exoplayer-hls:1.10.1=universalFossDebugCompileClasspath,universalFossDebugRuntimeClasspath
androidx.media3:media3-exoplayer:1.10.1=universalFossDebugCompileClasspath,universalFossDebugRuntimeClasspath
androidx.media3:media3-extractor:1.10.1=universalFossDebugCompileClasspath,universalFossDebugRuntimeClasspath
androidx.media3:media3-session:1.10.1=universalFossDebugCompileClasspath,universalFossDebugRuntimeClasspath
androidx.media3:media3-ui:1.10.1=universalFossDebugCompileClasspath,universalFossDebugRuntimeClasspath
androidx.media:media:1.7.0=universalFossDebugRuntimeClasspath
androidx.navigation:navigation-common-android:2.9.0=universalFossDebugCompileClasspath,universalFossDebugRuntimeClasspath
androidx.navigation:navigation-common:2.9.0=universalFossDebugCompileClasspath,universalFossDebugRuntimeClasspath
androidx.navigation:navigation-compose-android:2.9.0=universalFossDebugCompileClasspath,universalFossDebugRuntimeClasspath
androidx.navigation:navigation-compose:2.9.0=universalFossDebugCompileClasspath,universalFossDebugRuntimeClasspath
androidx.navigation:navigation-runtime-android:2.9.0=universalFossDebugCompileClasspath,universalFossDebugRuntimeClasspath
androidx.navigation:navigation-runtime:2.9.0=universalFossDebugCompileClasspath,universalFossDebugRuntimeClasspath
androidx.navigationevent:navigationevent-android:1.0.2=universalFossDebugCompileClasspath,universalFossDebugRuntimeClasspath
androidx.navigationevent:navigationevent-compose-android:1.0.2=universalFossDebugCompileClasspath,universalFossDebugRuntimeClasspath
androidx.navigationevent:navigationevent-compose:1.0.2=universalFossDebugCompileClasspath,universalFossDebugRuntimeClasspath
androidx.navigationevent:navigationevent:1.0.2=universalFossDebugCompileClasspath,universalFossDebugRuntimeClasspath
androidx.palette:palette-ktx:1.0.0=universalFossDebugCompileClasspath,universalFossDebugRuntimeClasspath
androidx.palette:palette:1.0.0=universalFossDebugCompileClasspath,universalFossDebugRuntimeClasspath
androidx.print:print:1.0.0=universalFossDebugCompileClasspath,universalFossDebugRuntimeClasspath
androidx.profileinstaller:profileinstaller:1.4.1=universalFossDebugRuntimeClasspath
androidx.recyclerview:recyclerview:1.3.0=universalFossDebugRuntimeClasspath
androidx.resourceinspection:resourceinspection-annotation:1.0.1=universalFossDebugRuntimeClasspath
androidx.room:room-common-jvm:2.8.4=kspUniversalFossDebugKotlinProcessorClasspath,universalFossDebugCompileClasspath,universalFossDebugRuntimeClasspath
androidx.room:room-common:2.8.4=kspUniversalFossDebugKotlinProcessorClasspath,universalFossDebugCompileClasspath,universalFossDebugRuntimeClasspath
androidx.room:room-compiler-processing:2.8.4=kspUniversalFossDebugKotlinProcessorClasspath
androidx.room:room-compiler:2.8.4=kspUniversalFossDebugKotlinProcessorClasspath
androidx.room:room-external-antlr:2.8.4=kspUniversalFossDebugKotlinProcessorClasspath
androidx.room:room-ktx:2.8.4=universalFossDebugCompileClasspath,universalFossDebugRuntimeClasspath
androidx.room:room-migration-jvm:2.8.4=kspUniversalFossDebugKotlinProcessorClasspath
androidx.room:room-migration:2.8.4=kspUniversalFossDebugKotlinProcessorClasspath
androidx.room:room-runtime-android:2.8.4=universalFossDebugCompileClasspath,universalFossDebugRuntimeClasspath
androidx.room:room-runtime:2.8.4=universalFossDebugCompileClasspath,universalFossDebugRuntimeClasspath
androidx.savedstate:savedstate-android:1.4.0=universalFossDebugCompileClasspath,universalFossDebugRuntimeClasspath
androidx.savedstate:savedstate-compose-android:1.4.0=universalFossDebugCompileClasspath,universalFossDebugRuntimeClasspath
androidx.savedstate:savedstate-compose:1.4.0=universalFossDebugCompileClasspath,universalFossDebugRuntimeClasspath
androidx.savedstate:savedstate-ktx:1.4.0=universalFossDebugCompileClasspath,universalFossDebugRuntimeClasspath
androidx.savedstate:savedstate:1.4.0=universalFossDebugCompileClasspath,universalFossDebugRuntimeClasspath
androidx.security:security-crypto:1.1.0-alpha06=universalFossDebugCompileClasspath,universalFossDebugRuntimeClasspath
androidx.sqlite:sqlite-android:2.6.2=universalFossDebugCompileClasspath,universalFossDebugRuntimeClasspath
androidx.sqlite:sqlite-framework-android:2.6.2=universalFossDebugCompileClasspath,universalFossDebugRuntimeClasspath
androidx.sqlite:sqlite-framework:2.6.2=universalFossDebugCompileClasspath,universalFossDebugRuntimeClasspath
androidx.sqlite:sqlite:2.6.2=universalFossDebugCompileClasspath,universalFossDebugRuntimeClasspath
androidx.startup:startup-runtime:1.1.1=universalFossDebugCompileClasspath
androidx.startup:startup-runtime:1.2.0=universalFossDebugRuntimeClasspath
androidx.tracing:tracing-ktx:1.2.0=universalFossDebugRuntimeClasspath
androidx.tracing:tracing:1.2.0=universalFossDebugRuntimeClasspath
androidx.transition:transition:1.6.0=universalFossDebugRuntimeClasspath
androidx.vectordrawable:vectordrawable-animated:1.1.0=universalFossDebugCompileClasspath,universalFossDebugRuntimeClasspath
androidx.vectordrawable:vectordrawable:1.1.0=universalFossDebugCompileClasspath,universalFossDebugRuntimeClasspath
androidx.versionedparcelable:versionedparcelable:1.1.1=universalFossDebugCompileClasspath,universalFossDebugRuntimeClasspath
androidx.viewpager2:viewpager2:1.0.0=universalFossDebugRuntimeClasspath
androidx.viewpager:viewpager:1.0.0=universalFossDebugCompileClasspath,universalFossDebugRuntimeClasspath
androidx.window:window-core-android:1.5.0=universalFossDebugCompileClasspath,universalFossDebugRuntimeClasspath
androidx.window:window-core:1.5.0=universalFossDebugCompileClasspath,universalFossDebugRuntimeClasspath
androidx.window:window:1.5.0=universalFossDebugCompileClasspath,universalFossDebugRuntimeClasspath
androidx.work:work-runtime-ktx:2.10.2=universalFossDebugCompileClasspath,universalFossDebugRuntimeClasspath
androidx.work:work-runtime:2.10.2=universalFossDebugCompileClasspath,universalFossDebugRuntimeClasspath
ch.randelshofer:fastdoubleparser:2.0.1=universalFossDebugRuntimeClasspath
co.touchlab:stately-common-jvm:2.0.6=universalFossDebugRuntimeClasspath
co.touchlab:stately-common:2.0.6=universalFossDebugRuntimeClasspath
co.touchlab:stately-concurrency-jvm:2.0.6=universalFossDebugRuntimeClasspath
co.touchlab:stately-concurrency:2.0.6=universalFossDebugRuntimeClasspath
co.touchlab:stately-iso-collections-jvm:2.0.6=universalFossDebugRuntimeClasspath
co.touchlab:stately-iso-collections:2.0.6=universalFossDebugRuntimeClasspath
co.touchlab:stately-isolate-jvm:2.0.6=universalFossDebugRuntimeClasspath
co.touchlab:stately-isolate:2.0.6=universalFossDebugRuntimeClasspath
co.touchlab:stately-strict-jvm:2.0.6=universalFossDebugRuntimeClasspath
co.touchlab:stately-strict:2.0.6=universalFossDebugRuntimeClasspath
com.airbnb.android:lottie-compose:6.7.1=universalFossDebugCompileClasspath,universalFossDebugRuntimeClasspath
com.airbnb.android:lottie:6.7.1=universalFossDebugCompileClasspath,universalFossDebugRuntimeClasspath
com.arthenica:ffmpeg-kit-full:6.0-2=universalFossDebugCompileClasspath,universalFossDebugRuntimeClasspath
com.arthenica:smart-exception-common:0.2.1=universalFossDebugCompileClasspath,universalFossDebugRuntimeClasspath
com.arthenica:smart-exception-java:0.2.1=universalFossDebugCompileClasspath,universalFossDebugRuntimeClasspath
com.atilika.kuromoji:kuromoji-core:0.9.0=universalFossDebugCompileClasspath,universalFossDebugRuntimeClasspath
com.atilika.kuromoji:kuromoji-ipadic:0.9.0=universalFossDebugCompileClasspath,universalFossDebugRuntimeClasspath
com.github.TeamNewPipe:nanojson:c7a6c1c08d16b6d5ecded34758e6415e07be2166=universalFossDebugRuntimeClasspath
com.github.ajalt.colormath:colormath-jvm:3.6.1=universalFossDebugRuntimeClasspath
com.github.ajalt.colormath:colormath:3.6.1=universalFossDebugRuntimeClasspath
com.github.evermind-zz:hlsdownloader:1.0.0=universalFossDebugRuntimeClasspath
com.github.maxrave-dev.PipePipeExtractor:PipePipeExtractor:f8982ca9e7=universalFossDebugCompileClasspath,universalFossDebugRuntimeClasspath
com.github.maxrave-dev.PipePipeExtractor:extractor:f8982ca9e7=universalFossDebugCompileClasspath,universalFossDebugRuntimeClasspath
com.github.maxrave-dev.PipePipeExtractor:timeago-parser:f8982ca9e7=universalFossDebugCompileClasspath,universalFossDebugRuntimeClasspath
com.github.maxrave-dev:BravePipeExtractor:fa5d4a8b4c=universalFossDebugRuntimeClasspath
com.github.maxrave-dev:PipePipeExtractor:f8982ca9e7=universalFossDebugCompileClasspath,universalFossDebugRuntimeClasspath
com.github.promeG.tinypinyin:tinypinyin-android-asset-lexicons:2.0.3=universalFossDebugCompileClasspath,universalFossDebugRuntimeClasspath
com.github.promeG.tinypinyin:tinypinyin-lexicons-android-cncity:2.0.3=universalFossDebugCompileClasspath,universalFossDebugRuntimeClasspath
com.github.promeG:tinypinyin:2.0.3=universalFossDebugCompileClasspath,universalFossDebugRuntimeClasspath
com.github.promeg:tinypinyin:2.0.3=universalFossDebugCompileClasspath,universalFossDebugRuntimeClasspath
com.github.racra:smooth-corner-rect-android-compose:v1.0.0=universalFossDebugCompileClasspath,universalFossDebugRuntimeClasspath
com.github.spotbugs:spotbugs-annotations:4.10.2=universalFossDebugRuntimeClasspath
com.github.yalantis:ucrop:2.2.11=universalFossDebugCompileClasspath,universalFossDebugRuntimeClasspath
com.google.accompanist:accompanist-drawablepainter:0.37.3=universalFossDebugRuntimeClasspath
com.google.android.material:material:1.4.0=universalFossDebugRuntimeClasspath
com.google.auto.value:auto-value-annotations:1.6.3=kspUniversalFossDebugKotlinProcessorClasspath
com.google.auto:auto-common:1.2.1=kspUniversalFossDebugKotlinProcessorClasspath
com.google.code.findbugs:jsr305:3.0.2=kspUniversalFossDebugKotlinProcessorClasspath,universalFossDebugCompileClasspath,universalFossDebugRuntimeClasspath
com.google.code.gson:gson:2.8.9=universalFossDebugRuntimeClasspath
com.google.crypto.tink:tink-android:1.8.0=universalFossDebugRuntimeClasspath
com.google.dagger:dagger-compiler:2.60.1=kspUniversalFossDebugKotlinProcessorClasspath
com.google.dagger:dagger-lint-aar:2.60.1=universalFossDebugCompileClasspath,universalFossDebugRuntimeClasspath
com.google.dagger:dagger-spi:2.60.1=kspUniversalFossDebugKotlinProcessorClasspath
com.google.dagger:dagger:2.60.1=kspUniversalFossDebugKotlinProcessorClasspath,universalFossDebugCompileClasspath,universalFossDebugRuntimeClasspath
com.google.dagger:hilt-android-compiler:2.60.1=kspUniversalFossDebugKotlinProcessorClasspath
com.google.dagger:hilt-android:2.60.1=universalFossDebugCompileClasspath,universalFossDebugRuntimeClasspath
com.google.dagger:hilt-core:2.60.1=universalFossDebugCompileClasspath,universalFossDebugRuntimeClasspath
com.google.devtools.ksp:symbol-processing-api:2.3.7=kspUniversalFossDebugKotlinProcessorClasspath
com.google.devtools.ksp:symbol-processing-api:2.3.9=kotlinCompilerPluginClasspathUniversalFossDebug
com.google.errorprone:error_prone_annotations:2.47.0=kspUniversalFossDebugKotlinProcessorClasspath,universalFossDebugCompileClasspath,universalFossDebugRuntimeClasspath
com.google.googlejavaformat:google-java-format:1.33.0=kspUniversalFossDebugKotlinProcessorClasspath
com.google.guava:failureaccess:1.0.3=kspUniversalFossDebugKotlinProcessorClasspath,universalFossDebugCompileClasspath,universalFossDebugRuntimeClasspath
com.google.guava:guava:33.6.0-jre=kspUniversalFossDebugKotlinProcessorClasspath,universalFossDebugCompileClasspath,universalFossDebugRuntimeClasspath
com.google.guava:listenablefuture:9999.0-empty-to-avoid-conflict-with-guava=kspUniversalFossDebugKotlinProcessorClasspath,universalFossDebugCompileClasspath,universalFossDebugRuntimeClasspath
com.google.j2objc:j2objc-annotations:3.1=kspUniversalFossDebugKotlinProcessorClasspath,universalFossDebugCompileClasspath,universalFossDebugRuntimeClasspath
com.google.protobuf:protobuf-javalite:4.34.2=universalFossDebugCompileClasspath
com.google.protobuf:protobuf-javalite:4.35.1=universalFossDebugRuntimeClasspath
com.google.protobuf:protobuf-kotlin-lite:4.34.2=universalFossDebugCompileClasspath,universalFossDebugRuntimeClasspath
com.intellij:annotations:12.0=kspUniversalFossDebugKotlinProcessorClasspath
com.jakewharton.timber:timber:5.0.1=universalFossDebugCompileClasspath,universalFossDebugRuntimeClasspath
com.jakewharton:process-phoenix:3.0.0=universalFossDebugCompileClasspath,universalFossDebugRuntimeClasspath
com.materialkolor:material-color-utilities-android:4.1.1=universalFossDebugCompileClasspath,universalFossDebugRuntimeClasspath
com.materialkolor:material-color-utilities:4.1.1=universalFossDebugCompileClasspath,universalFossDebugRuntimeClasspath
com.materialkolor:material-kolor-android:4.1.1=universalFossDebugCompileClasspath,universalFossDebugRuntimeClasspath
com.materialkolor:material-kolor:4.1.1=universalFossDebugCompileClasspath,universalFossDebugRuntimeClasspath
com.squareup.okhttp3:okhttp-android:5.3.2=universalFossDebugCompileClasspath
com.squareup.okhttp3:okhttp-android:5.4.0=universalFossDebugRuntimeClasspath
com.squareup.okhttp3:okhttp:5.3.2=universalFossDebugCompileClasspath
com.squareup.okhttp3:okhttp:5.4.0=universalFossDebugRuntimeClasspath
com.squareup.okio:okio-jvm:3.17.0=universalFossDebugCompileClasspath,universalFossDebugRuntimeClasspath
com.squareup.okio:okio:3.17.0=universalFossDebugCompileClasspath,universalFossDebugRuntimeClasspath
com.squareup.wire:wire-runtime-jvm:6.4.1=universalFossDebugCompileClasspath,universalFossDebugRuntimeClasspath
com.squareup.wire:wire-runtime:6.4.1=universalFossDebugCompileClasspath,universalFossDebugRuntimeClasspath
com.squareup:javapoet:1.13.0=kspUniversalFossDebugKotlinProcessorClasspath
com.squareup:kotlinpoet-javapoet:2.0.0=kspUniversalFossDebugKotlinProcessorClasspath
com.squareup:kotlinpoet-jvm:2.0.0=kspUniversalFossDebugKotlinProcessorClasspath
com.squareup:kotlinpoet:2.0.0=kspUniversalFossDebugKotlinProcessorClasspath
com.valentinilk.shimmer:compose-shimmer-android:1.3.3=universalFossDebugCompileClasspath,universalFossDebugRuntimeClasspath
com.valentinilk.shimmer:compose-shimmer:1.3.3=universalFossDebugCompileClasspath,universalFossDebugRuntimeClasspath
commons-codec:commons-codec:1.15=kspUniversalFossDebugKotlinProcessorClasspath
dev.chrisbanes.haze:haze-android:1.0.2=universalFossDebugCompileClasspath,universalFossDebugRuntimeClasspath
dev.chrisbanes.haze:haze:1.0.2=universalFossDebugCompileClasspath,universalFossDebugRuntimeClasspath
dev.drewhamilton.poko:poko-annotations-jvm:0.21.1=universalFossDebugRuntimeClasspath
dev.drewhamilton.poko:poko-annotations:0.21.1=universalFossDebugRuntimeClasspath
io.coil-kt.coil3:coil-android:3.5.0=universalFossDebugCompileClasspath,universalFossDebugRuntimeClasspath
io.coil-kt.coil3:coil-compose-android:3.5.0=universalFossDebugCompileClasspath,universalFossDebugRuntimeClasspath
io.coil-kt.coil3:coil-compose-core-android:3.5.0=universalFossDebugCompileClasspath,universalFossDebugRuntimeClasspath
io.coil-kt.coil3:coil-compose-core:3.5.0=universalFossDebugCompileClasspath,universalFossDebugRuntimeClasspath
io.coil-kt.coil3:coil-compose:3.5.0=universalFossDebugCompileClasspath,universalFossDebugRuntimeClasspath
io.coil-kt.coil3:coil-core-android:3.5.0=universalFossDebugCompileClasspath,universalFossDebugRuntimeClasspath
io.coil-kt.coil3:coil-core:3.5.0=universalFossDebugCompileClasspath,universalFossDebugRuntimeClasspath
io.coil-kt.coil3:coil-network-core-android:3.5.0=universalFossDebugCompileClasspath,universalFossDebugRuntimeClasspath
io.coil-kt.coil3:coil-network-core:3.5.0=universalFossDebugCompileClasspath,universalFossDebugRuntimeClasspath
io.coil-kt.coil3:coil-network-okhttp-android:3.5.0=universalFossDebugCompileClasspath,universalFossDebugRuntimeClasspath
io.coil-kt.coil3:coil-network-okhttp:3.5.0=universalFossDebugCompileClasspath,universalFossDebugRuntimeClasspath
io.coil-kt.coil3:coil:3.5.0=universalFossDebugCompileClasspath,universalFossDebugRuntimeClasspath
io.github.reactivecircus.cache4k:cache4k-jvm:0.13.0=universalFossDebugRuntimeClasspath
io.github.reactivecircus.cache4k:cache4k:0.13.0=universalFossDebugRuntimeClasspath
io.ktor:ktor-client-cio-jvm:3.5.0=universalFossDebugRuntimeClasspath
io.ktor:ktor-client-cio:3.5.0=universalFossDebugRuntimeClasspath
io.ktor:ktor-client-content-negotiation-jvm:3.5.0=universalFossDebugCompileClasspath,universalFossDebugRuntimeClasspath
io.ktor:ktor-client-content-negotiation:3.5.0=universalFossDebugCompileClasspath,universalFossDebugRuntimeClasspath
io.ktor:ktor-client-core-jvm:3.5.0=universalFossDebugCompileClasspath,universalFossDebugRuntimeClasspath
io.ktor:ktor-client-core:3.5.0=universalFossDebugCompileClasspath,universalFossDebugRuntimeClasspath
io.ktor:ktor-client-encoding-jvm:3.5.0=universalFossDebugRuntimeClasspath
io.ktor:ktor-client-encoding:3.5.0=universalFossDebugRuntimeClasspath
io.ktor:ktor-client-logging-jvm:3.5.0=universalFossDebugRuntimeClasspath
io.ktor:ktor-client-okhttp-jvm:3.5.0=universalFossDebugCompileClasspath,universalFossDebugRuntimeClasspath
io.ktor:ktor-client-okhttp:3.5.0=universalFossDebugCompileClasspath,universalFossDebugRuntimeClasspath
io.ktor:ktor-events-jvm:3.5.0=universalFossDebugCompileClasspath,universalFossDebugRuntimeClasspath
io.ktor:ktor-events:3.5.0=universalFossDebugCompileClasspath,universalFossDebugRuntimeClasspath
io.ktor:ktor-http-cio-jvm:3.5.0=universalFossDebugCompileClasspath,universalFossDebugRuntimeClasspath
io.ktor:ktor-http-cio:3.5.0=universalFossDebugCompileClasspath,universalFossDebugRuntimeClasspath
io.ktor:ktor-http-jvm:3.5.0=universalFossDebugCompileClasspath,universalFossDebugRuntimeClasspath
io.ktor:ktor-http:3.5.0=universalFossDebugCompileClasspath,universalFossDebugRuntimeClasspath
io.ktor:ktor-io-jvm:3.5.0=universalFossDebugCompileClasspath,universalFossDebugRuntimeClasspath
io.ktor:ktor-io:3.5.0=universalFossDebugCompileClasspath,universalFossDebugRuntimeClasspath
io.ktor:ktor-network-jvm:3.5.0=universalFossDebugCompileClasspath,universalFossDebugRuntimeClasspath
io.ktor:ktor-network-tls-jvm:3.5.0=universalFossDebugRuntimeClasspath
io.ktor:ktor-network-tls:3.5.0=universalFossDebugRuntimeClasspath
io.ktor:ktor-network:3.5.0=universalFossDebugCompileClasspath,universalFossDebugRuntimeClasspath
io.ktor:ktor-serialization-jvm:3.5.0=universalFossDebugCompileClasspath,universalFossDebugRuntimeClasspath
io.ktor:ktor-serialization-kotlinx-json-jvm:3.5.0=universalFossDebugCompileClasspath,universalFossDebugRuntimeClasspath
io.ktor:ktor-serialization-kotlinx-json:3.5.0=universalFossDebugCompileClasspath,universalFossDebugRuntimeClasspath
io.ktor:ktor-serialization-kotlinx-jvm:3.5.0=universalFossDebugCompileClasspath,universalFossDebugRuntimeClasspath
io.ktor:ktor-serialization-kotlinx:3.5.0=universalFossDebugCompileClasspath,universalFossDebugRuntimeClasspath
io.ktor:ktor-serialization:3.5.0=universalFossDebugCompileClasspath,universalFossDebugRuntimeClasspath
io.ktor:ktor-sse-jvm:3.5.0=universalFossDebugCompileClasspath,universalFossDebugRuntimeClasspath
io.ktor:ktor-sse:3.5.0=universalFossDebugCompileClasspath,universalFossDebugRuntimeClasspath
io.ktor:ktor-utils-jvm:3.5.0=universalFossDebugCompileClasspath,universalFossDebugRuntimeClasspath
io.ktor:ktor-utils:3.5.0=universalFossDebugCompileClasspath,universalFossDebugRuntimeClasspath
io.ktor:ktor-websocket-serialization-jvm:3.5.0=universalFossDebugCompileClasspath,universalFossDebugRuntimeClasspath
io.ktor:ktor-websocket-serialization:3.5.0=universalFossDebugCompileClasspath,universalFossDebugRuntimeClasspath
io.ktor:ktor-websockets-jvm:3.5.0=universalFossDebugCompileClasspath,universalFossDebugRuntimeClasspath
io.ktor:ktor-websockets:3.5.0=universalFossDebugCompileClasspath,universalFossDebugRuntimeClasspath
jakarta.inject:jakarta.inject-api:2.0.1=kspUniversalFossDebugKotlinProcessorClasspath,universalFossDebugCompileClasspath,universalFossDebugRuntimeClasspath
javax.inject:javax.inject:1=kspUniversalFossDebugKotlinProcessorClasspath,universalFossDebugCompileClasspath,universalFossDebugRuntimeClasspath
net.ltgt.gradle.incap:incap:0.2=kspUniversalFossDebugKotlinProcessorClasspath
org.ahocorasick:ahocorasick:0.3.0=universalFossDebugRuntimeClasspath
org.apache.commons:commons-lang3:3.20.0=universalFossDebugCompileClasspath,universalFossDebugRuntimeClasspath
org.bouncycastle:bcprov-jdk18on:1.85=universalFossDebugRuntimeClasspath
org.brotli:dec:0.1.2=universalFossDebugRuntimeClasspath
org.checkerframework:checker-compat-qual:2.5.3=kspUniversalFossDebugKotlinProcessorClasspath
org.java-websocket:Java-WebSocket:1.6.0=universalFossDebugRuntimeClasspath
org.jetbrains.androidx.lifecycle:lifecycle-common:2.9.6=universalFossDebugCompileClasspath,universalFossDebugRuntimeClasspath
org.jetbrains.androidx.lifecycle:lifecycle-runtime-compose:2.9.6=universalFossDebugCompileClasspath,universalFossDebugRuntimeClasspath
org.jetbrains.androidx.lifecycle:lifecycle-runtime:2.9.6=universalFossDebugCompileClasspath,universalFossDebugRuntimeClasspath
org.jetbrains.androidx.lifecycle:lifecycle-viewmodel-savedstate:2.9.6=universalFossDebugRuntimeClasspath
org.jetbrains.androidx.lifecycle:lifecycle-viewmodel:2.9.6=universalFossDebugRuntimeClasspath
org.jetbrains.androidx.savedstate:savedstate-compose:1.3.6=universalFossDebugCompileClasspath,universalFossDebugRuntimeClasspath
org.jetbrains.androidx.savedstate:savedstate:1.3.6=universalFossDebugCompileClasspath,universalFossDebugRuntimeClasspath
org.jetbrains.compose.animation:animation-core:1.11.1=universalFossDebugCompileClasspath,universalFossDebugRuntimeClasspath
org.jetbrains.compose.animation:animation:1.11.1=universalFossDebugCompileClasspath,universalFossDebugRuntimeClasspath
org.jetbrains.compose.annotation-internal:annotation:1.9.3=universalFossDebugRuntimeClasspath
org.jetbrains.compose.collection-internal:collection:1.9.3=universalFossDebugRuntimeClasspath
org.jetbrains.compose.foundation:foundation-layout:1.11.1=universalFossDebugCompileClasspath,universalFossDebugRuntimeClasspath
org.jetbrains.compose.foundation:foundation:1.11.1=universalFossDebugCompileClasspath,universalFossDebugRuntimeClasspath
org.jetbrains.compose.material3:material3:1.10.0-alpha05=universalFossDebugRuntimeClasspath
org.jetbrains.compose.material:material-ripple:1.9.3=universalFossDebugRuntimeClasspath
org.jetbrains.compose.runtime:runtime-saveable:1.11.1=universalFossDebugCompileClasspath,universalFossDebugRuntimeClasspath
org.jetbrains.compose.runtime:runtime:1.11.1=universalFossDebugCompileClasspath,universalFossDebugRuntimeClasspath
org.jetbrains.compose.ui:ui-backhandler-android-debug:1.9.3=universalFossDebugRuntimeClasspath
org.jetbrains.compose.ui:ui-backhandler:1.9.3=universalFossDebugRuntimeClasspath
org.jetbrains.compose.ui:ui-geometry:1.11.1=universalFossDebugCompileClasspath,universalFossDebugRuntimeClasspath
org.jetbrains.compose.ui:ui-graphics:1.11.1=universalFossDebugCompileClasspath,universalFossDebugRuntimeClasspath
org.jetbrains.compose.ui:ui-text:1.11.1=universalFossDebugCompileClasspath,universalFossDebugRuntimeClasspath
org.jetbrains.compose.ui:ui-unit:1.11.1=universalFossDebugCompileClasspath,universalFossDebugRuntimeClasspath
org.jetbrains.compose.ui:ui-util:1.11.1=universalFossDebugCompileClasspath,universalFossDebugRuntimeClasspath
org.jetbrains.compose.ui:ui:1.11.1=universalFossDebugCompileClasspath,universalFossDebugRuntimeClasspath
org.jetbrains.kotlin:kotlin-bom:1.8.0=universalFossDebugRuntimeClasspath
org.jetbrains.kotlin:kotlin-build-tools-api:2.4.0=kotlinBuildToolsApiClasspath
org.jetbrains.kotlin:kotlin-build-tools-compat:2.4.0=kotlinBuildToolsApiClasspath
org.jetbrains.kotlin:kotlin-build-tools-cri-impl:2.4.0=kotlinBuildToolsApiClasspath
org.jetbrains.kotlin:kotlin-build-tools-impl:2.4.0=kotlinBuildToolsApiClasspath
org.jetbrains.kotlin:kotlin-compiler-embeddable:2.4.0=kotlinBuildToolsApiClasspath
org.jetbrains.kotlin:kotlin-compiler-runner:2.4.0=kotlinBuildToolsApiClasspath
org.jetbrains.kotlin:kotlin-compose-compiler-plugin-embeddable:2.4.0=kotlin-extension,kotlinCompilerPluginClasspathUniversalFossDebug
org.jetbrains.kotlin:kotlin-daemon-client:2.4.0=kotlinBuildToolsApiClasspath
org.jetbrains.kotlin:kotlin-daemon-embeddable:2.4.0=kotlinBuildToolsApiClasspath
org.jetbrains.kotlin:kotlin-metadata-jvm:2.3.21=kspUniversalFossDebugKotlinProcessorClasspath
org.jetbrains.kotlin:kotlin-reflect:1.6.10=kotlinBuildToolsApiClasspath
org.jetbrains.kotlin:kotlin-reflect:2.0.10=kspUniversalFossDebugKotlinProcessorClasspath
org.jetbrains.kotlin:kotlin-script-runtime:2.4.0=kotlinBuildToolsApiClasspath
org.jetbrains.kotlin:kotlin-serialization-compiler-plugin-embeddable:2.4.0=kotlinCompilerPluginClasspathUniversalFossDebug
org.jetbrains.kotlin:kotlin-stdlib-common:2.4.0=universalFossDebugCompileClasspath,universalFossDebugRuntimeClasspath
org.jetbrains.kotlin:kotlin-stdlib-jdk7:1.9.0=universalFossDebugCompileClasspath
org.jetbrains.kotlin:kotlin-stdlib-jdk7:1.9.10=universalFossDebugRuntimeClasspath
org.jetbrains.kotlin:kotlin-stdlib-jdk8:1.9.0=universalFossDebugCompileClasspath
org.jetbrains.kotlin:kotlin-stdlib-jdk8:1.9.10=universalFossDebugRuntimeClasspath
org.jetbrains.kotlin:kotlin-stdlib:2.3.20=kotlinCompilerPluginClasspathUniversalFossDebug
org.jetbrains.kotlin:kotlin-stdlib:2.3.21=kspUniversalFossDebugKotlinProcessorClasspath
org.jetbrains.kotlin:kotlin-stdlib:2.4.0=kotlinBuildToolsApiClasspath,universalFossDebugCompileClasspath,universalFossDebugRuntimeClasspath
org.jetbrains.kotlin:kotlin-tooling-core:2.4.0=kotlinBuildToolsApiClasspath
org.jetbrains.kotlinx:atomicfu-jvm:0.23.2=universalFossDebugRuntimeClasspath
org.jetbrains.kotlinx:atomicfu:0.23.2=universalFossDebugRuntimeClasspath
org.jetbrains.kotlinx:kotlinx-coroutines-android:1.11.0=universalFossDebugCompileClasspath,universalFossDebugRuntimeClasspath
org.jetbrains.kotlinx:kotlinx-coroutines-bom:1.11.0=universalFossDebugCompileClasspath,universalFossDebugRuntimeClasspath
org.jetbrains.kotlinx:kotlinx-coroutines-core-jvm:1.11.0=universalFossDebugCompileClasspath,universalFossDebugRuntimeClasspath
org.jetbrains.kotlinx:kotlinx-coroutines-core-jvm:1.8.0=kotlinBuildToolsApiClasspath
org.jetbrains.kotlinx:kotlinx-coroutines-core:1.11.0=universalFossDebugCompileClasspath,universalFossDebugRuntimeClasspath
org.jetbrains.kotlinx:kotlinx-coroutines-guava:1.11.0=universalFossDebugCompileClasspath,universalFossDebugRuntimeClasspath
org.jetbrains.kotlinx:kotlinx-coroutines-slf4j:1.11.0=universalFossDebugRuntimeClasspath
org.jetbrains.kotlinx:kotlinx-io-bytestring-jvm:0.9.0=universalFossDebugCompileClasspath,universalFossDebugRuntimeClasspath
org.jetbrains.kotlinx:kotlinx-io-bytestring:0.9.0=universalFossDebugCompileClasspath,universalFossDebugRuntimeClasspath
org.jetbrains.kotlinx:kotlinx-io-core-jvm:0.9.0=universalFossDebugCompileClasspath,universalFossDebugRuntimeClasspath
org.jetbrains.kotlinx:kotlinx-io-core:0.9.0=universalFossDebugCompileClasspath,universalFossDebugRuntimeClasspath
org.jetbrains.kotlinx:kotlinx-serialization-bom:1.11.0=universalFossDebugCompileClasspath,universalFossDebugRuntimeClasspath
org.jetbrains.kotlinx:kotlinx-serialization-bom:1.8.1=kspUniversalFossDebugKotlinProcessorClasspath
org.jetbrains.kotlinx:kotlinx-serialization-core-jvm:1.11.0=universalFossDebugCompileClasspath,universalFossDebugRuntimeClasspath
org.jetbrains.kotlinx:kotlinx-serialization-core-jvm:1.8.1=kspUniversalFossDebugKotlinProcessorClasspath
org.jetbrains.kotlinx:kotlinx-serialization-core:1.11.0=universalFossDebugCompileClasspath,universalFossDebugRuntimeClasspath
org.jetbrains.kotlinx:kotlinx-serialization-core:1.8.1=kspUniversalFossDebugKotlinProcessorClasspath
org.jetbrains.kotlinx:kotlinx-serialization-json-io-jvm:1.11.0=universalFossDebugCompileClasspath,universalFossDebugRuntimeClasspath
org.jetbrains.kotlinx:kotlinx-serialization-json-io:1.11.0=universalFossDebugCompileClasspath,universalFossDebugRuntimeClasspath
org.jetbrains.kotlinx:kotlinx-serialization-json-jvm:1.11.0=universalFossDebugCompileClasspath,universalFossDebugRuntimeClasspath
org.jetbrains.kotlinx:kotlinx-serialization-json-jvm:1.8.1=kspUniversalFossDebugKotlinProcessorClasspath
org.jetbrains.kotlinx:kotlinx-serialization-json:1.11.0=universalFossDebugCompileClasspath,universalFossDebugRuntimeClasspath
org.jetbrains.kotlinx:kotlinx-serialization-json:1.8.1=kspUniversalFossDebugKotlinProcessorClasspath
org.jetbrains:annotations:13.0=kotlinBuildToolsApiClasspath,kotlinCompilerPluginClasspathUniversalFossDebug,kspUniversalFossDebugKotlinProcessorClasspath
org.jetbrains:annotations:23.0.0=universalFossDebugCompileClasspath,universalFossDebugRuntimeClasspath
org.jsoup:jsoup:1.23.1=universalFossDebugCompileClasspath,universalFossDebugRuntimeClasspath
org.jspecify:jspecify:1.0.0=kspUniversalFossDebugKotlinProcessorClasspath,universalFossDebugCompileClasspath,universalFossDebugRuntimeClasspath
org.junit:junit-bom:6.1.0=universalFossDebugRuntimeClasspath
org.mozilla:rhino-engine:1.8.1=universalFossDebugRuntimeClasspath
org.mozilla:rhino:1.8.1=universalFossDebugRuntimeClasspath
org.nibor.autolink:autolink:0.12.0=universalFossDebugRuntimeClasspath
org.slf4j:slf4j-api:2.0.18=universalFossDebugCompileClasspath,universalFossDebugRuntimeClasspath
org.xerial:sqlite-jdbc:3.41.2.2=kspUniversalFossDebugKotlinProcessorClasspath
sh.calvin.reorderable:reorderable-android-debug:3.0.0=universalFossDebugCompileClasspath,universalFossDebugRuntimeClasspath
sh.calvin.reorderable:reorderable:3.0.0=universalFossDebugCompileClasspath,universalFossDebugRuntimeClasspath
empty=androidApis,debugProtobuf,fossProtobuf,kotlinCompilerPluginClasspath,protobuf,universalFossDebugProtobuf,universalFossProtobuf,universalProtobuf
